// !$*UTF8*$!
{
	archiveVersion = 1;
	classes = {
	};
	objectVersion = 50;
	objects = {

/* Begin PBXBuildFile section */
		2EDFDAC8257EFD1F00B1C8E5 /* AppDelegate.swift in Sources */ = {isa = PBXBuildFile; fileRef = 2EDFDAC7257EFD1F00B1C8E5 /* AppDelegate.swift */; };
		2EDFDACA257EFD2000B1C8E5 /* art.scnassets in Resources */ = {isa = PBXBuildFile; fileRef = 2EDFDAC9257EFD2000B1C8E5 /* art.scnassets */; };
		2EDFDACC257EFD2000B1C8E5 /* GameViewController.swift in Sources */ = {isa = PBXBuildFile; fileRef = 2EDFDACB257EFD2000B1C8E5 /* GameViewController.swift */; };
		2EDFDACF257EFD2000B1C8E5 /* Main.storyboard in Resources */ = {isa = PBXBuildFile; fileRef = 2EDFDACD257EFD2000B1C8E5 /* Main.storyboard */; };
		2EDFDAD1257EFD7100B1C8E5 /* Assets.xcassets in Resources */ = {isa = PBXBuildFile; fileRef = 2EDFDAD0257EFD7100B1C8E5 /* Assets.xcassets */; };
		2EDFDADD257FCA4B00B1C8E5 /* vec3.swift in Sources */ = {isa = PBXBuildFile; fileRef = 2EDFDADC257FCA4700B1C8E5 /* vec3.swift */; };
/* End PBXBuildFile section */

/* Begin PBXFileReference section */
		2EDFDAC4257EFD1F00B1C8E5 /* phonetest5.app */ = {isa = PBXFileReference; explicitFileType = wrapper.application; includeInIndex = 0; path = phonetest5.app; sourceTree = BUILT_PRODUCTS_DIR; };
		2EDFDAC7257EFD1F00B1C8E5 /* AppDelegate.swift */ = {isa = PBXFileReference; lastKnownFileType = sourcecode.swift; path = AppDelegate.swift; sourceTree = "<group>"; };
		2EDFDAC9257EFD2000B1C8E5 /* art.scnassets */ = {isa = PBXFileReference; lastKnownFileType = wrapper.scnassets; path = art.scnassets; sourceTree = "<group>"; };
		2EDFDACB257EFD2000B1C8E5 /* GameViewController.swift */ = {isa = PBXFileReference; lastKnownFileType = sourcecode.swift; path = GameViewController.swift; sourceTree = "<group>"; };
		2EDFDACE257EFD2000B1C8E5 /* Base */ = {isa = PBXFileReference; lastKnownFileType = file.storyboard; name = Base; path = Base.lproj/Main.storyboard; sourceTree = "<group>"; };
		2EDFDAD0257EFD7100B1C8E5 /* Assets.xcassets */ = {isa = PBXFileReference; lastKnownFileType = folder.assetcatalog; path = Assets.xcassets; sourceTree = "<group>"; };
		2EDFDAD2257EFD7100B1C8E5 /* Info.plist */ = {isa = PBXFileReference; lastKnownFileType = text.plist.xml; path = Info.plist; sourceTree = "<group>"; };
		2EDFDADC257FCA4700B1C8E5 /* vec3.swift */ = {isa = PBXFileReference; lastKnownFileType = sourcecode.swift; path = vec3.swift; sourceTree = "<group>"; };
/* End PBXFileReference section */

/* Begin PBXFrameworksBuildPhase section */
		2EDFDAC1257EFD1E00B1C8E5 /* Frameworks */ = {
			isa = PBXFrameworksBuildPhase;
			buildActionMask = 2147483647;
			files = (
			);
			runOnlyForDeploymentPostprocessing = 0;
		};
/* End PBXFrameworksBuildPhase section */

/* Begin PBXGroup section */
		2EDFDABB257EFD1E00B1C8E5 = {
			isa = PBXGroup;
			children = (
				2EDFDAC6257EFD1F00B1C8E5 /* phonetest5 */,
				2EDFDAC5257EFD1F00B1C8E5 /* Products */,
			);
			sourceTree = "<group>";
		};
		2EDFDAC5257EFD1F00B1C8E5 /* Products */ = {
			isa = PBXGroup;
			children = (
				2EDFDAC4257EFD1F00B1C8E5 /* phonetest5.app */,
			);
			name = Products;
			sourceTree = "<group>";
		};
		2EDFDAC6257EFD1F00B1C8E5 /* phonetest5 */ = {
			isa = PBXGroup;
			children = (
				2EDFDAC7257EFD1F00B1C8E5 /* AppDelegate.swift */,
				2EDFDAC9257EFD2000B1C8E5 /* art.scnassets */,
				2EDFDACB257EFD2000B1C8E5 /* GameViewController.swift */,
				2EDFDADC257FCA4700B1C8E5 /* vec3.swift */,
				2EDFDACD257EFD2000B1C8E5 /* Main.storyboard */,
				2EDFDAD0257EFD7100B1C8E5 /* Assets.xcassets */,
				2EDFDAD2257EFD7100B1C8E5 /* Info.plist */,
			);
			path = phonetest5;
			sourceTree = "<group>";
		};
/* End PBXGroup section */

/* Begin PBXNativeTarget section */
		2EDFDAC3257EFD1E00B1C8E5 /* phonetest5 */ = {
			isa = PBXNativeTarget;
			buildConfigurationList = 2EDFDAD5257EFD7100B1C8E5 /* Build configuration list for PBXNativeTarget "phonetest5" */;
			buildPhases = (
				2EDFDAC0257EFD1E00B1C8E5 /* Sources */,
				2EDFDAC1257EFD1E00B1C8E5 /* Frameworks */,
				2EDFDAC2257EFD1E00B1C8E5 /* Resources */,
			);
			buildRules = (
			);
			dependencies = (
			);
			name = phonetest5;
			productName = phonetest5;
			productReference = 2EDFDAC4257EFD1F00B1C8E5 /* phonetest5.app */;
			productType = "com.apple.product-type.application";
		};
/* End PBXNativeTarget section */

/* Begin PBXProject section */
		2EDFDABC257EFD1E00B1C8E5 /* Project object */ = {
			isa = PBXProject;
			attributes = {
				LastSwiftUpdateCheck = 1220;
				LastUpgradeCheck = 1220;
				TargetAttributes = {
					2EDFDAC3257EFD1E00B1C8E5 = {
						CreatedOnToolsVersion = 12.2;
					};
				};
			};
			buildConfigurationList = 2EDFDABF257EFD1E00B1C8E5 /* Build configuration list for PBXProject "phonetest5" */;
			compatibilityVersion = "Xcode 9.3";
			developmentRegion = en;
			hasScannedForEncodings = 0;
			knownRegions = (
				en,
				Base,
			);
			mainGroup = 2EDFDABB257EFD1E00B1C8E5;
			productRefGroup = 2EDFDAC5257EFD1F00B1C8E5 /* Products */;
			projectDirPath = "";
			projectRoot = "";
			targets = (
				2EDFDAC3257EFD1E00B1C8E5 /* phonetest5 */,
			);
		};
/* End PBXProject section */

/* Begin PBXResourcesBuildPhase section */
		2EDFDAC2257EFD1E00B1C8E5 /* Resources */ = {
			isa = PBXResourcesBuildPhase;
			buildActionMask = 2147483647;
			files = (
				2EDFDACA257EFD2000B1C8E5 /* art.scnassets in Resources */,
				2EDFDAD1257EFD7100B1C8E5 /* Assets.xcassets in Resources */,
				2EDFDACF257EFD2000B1C8E5 /* Main.storyboard in Resources */,
			);
			runOnlyForDeploymentPostprocessing = 0;
		};
/* End PBXResourcesBuildPhase section */

/* Begin PBXSourcesBuildPhase section */
		2EDFDAC0257EFD1E00B1C8E5 /* Sources */ = {
			isa = PBXSourcesBuildPhase;
			buildActionMask = 2147483647;
			files = (
				2EDFDACC257EFD2000B1C8E5 /* GameViewController.swift in Sources */,
				2EDFDADD257FCA4B00B1C8E5 /* vec3.swift in Sources */,
				2EDFDAC8257EFD1F00B1C8E5 /* AppDelegate.swift in Sources */,
			);
			runOnlyForDeploymentPostprocessing = 0;
		};
/* End PBXSourcesBuildPhase section */

/* Begin PBXVariantGroup section */
		2EDFDACD257EFD2000B1C8E5 /* Main.storyboard */ = {
			isa = PBXVariantGroup;
			children = (
				2EDFDACE257EFD2000B1C8E5 /* Base */,
			);
			name = Main.storyboard;
			sourceTree = "<group>";
		};
/* End PBXVariantGroup section */

/* Begin XCBuildConfiguration section */
		2EDFDAD3257EFD7100B1C8E5 /* Debug */ = {
			isa = XCBuildConfiguration;
			buildSettings = {
				ALWAYS_SEARCH_USER_PATHS = NO;
				CLANG_ANALYZER_NONNULL = YES;
				CLANG_ANALYZER_NUMBER_OBJECT_CONVERSION = YES_AGGRESSIVE;
				CLANG_CXX_LANGUAGE_STANDARD = "gnu++14";
				CLANG_CXX_LIBRARY = "libc++";
				CLANG_ENABLE_MODULES = YES;
				CLANG_ENABLE_OBJC_ARC = YES;
				CLANG_ENABLE_OBJC_WEAK = YES;
				CLANG_WARN_BLOCK_CAPTURE_AUTORELEASING = YES;
				CLANG_WARN_BOOL_CONVERSION = YES;
				CLANG_WARN_COMMA = YES;
				CLANG_WARN_CONSTANT_CONVERSION = YES;
				CLANG_WARN_DEPRECATED_OBJC_IMPLEMENTATIONS = YES;
				CLANG_WARN_DIRECT_OBJC_ISA_USAGE = YES_ERROR;
				CLANG_WARN_DOCUMENTATION_COMMENTS = YES;
				CLANG_WARN_EMPTY_BODY = YES;
				CLANG_WARN_ENUM_CONVERSION = YES;
				CLANG_WARN_INFINITE_RECURSION = YES;
				CLANG_WARN_INT_CONVERSION = YES;
				CLANG_WARN_NON_LITERAL_NULL_CONVERSION = YES;
				CLANG_WARN_OBJC_IMPLICIT_RETAIN_SELF = YES;
				CLANG_WARN_OBJC_LITERAL_CONVERSION = YES;
				CLANG_WARN_OBJC_ROOT_CLASS = YES_ERROR;
				CLANG_WARN_QUOTED_INCLUDE_IN_FRAMEWORK_HEADER = YES;
				CLANG_WARN_RANGE_LOOP_ANALYSIS = YES;
				CLANG_WARN_STRICT_PROTOTYPES = YES;
				CLANG_WARN_SUSPICIOUS_MOVE = YES;
				CLANG_WARN_UNGUARDED_AVAILABILITY = YES_AGGRESSIVE;
				CLANG_WARN_UNREACHABLE_CODE = YES;
				CLANG_WARN__DUPLICATE_METHOD_MATCH = YES;
				COPY_PHASE_STRIP = NO;
				DEBUG_INFORMATION_FORMAT = dwarf;
				ENABLE_STRICT_OBJC_MSGSEND = YES;
				ENABLE_TESTABILITY = YES;
				GCC_C_LANGUAGE_STANDARD = gnu11;
				GCC_DYNAMIC_NO_PIC = NO;
				GCC_NO_COMMON_BLOCKS = YES;
				GCC_OPTIMIZATION_LEVEL = 0;
				GCC_PREPROCESSOR_DEFINITIONS = (
					"DEBUG=1",
					"$(inherited)",
				);
				GCC_WARN_64_TO_32_BIT_CONVERSION = YES;
				GCC_WARN_ABOUT_RETURN_TYPE = YES_ERROR;
				GCC_WARN_UNDECLARED_SELECTOR = YES;
				GCC_WARN_UNINITIALIZED_AUTOS = YES_AGGRESSIVE;
				GCC_WARN_UNUSED_FUNCTION = YES;
				GCC_WARN_UNUSED_VARIABLE = YES;
				IPHONEOS_DEPLOYMENT_TARGET = 14.2;
				MTL_ENABLE_DEBUG_INFO = INCLUDE_SOURCE;
				MTL_FAST_MATH = YES;
				ONLY_ACTIVE_ARCH = YES;
				SDKROOT = iphoneos;
				SWIFT_ACTIVE_COMPILATION_CONDITIONS = DEBUG;
				SWIFT_OPTIMIZATION_LEVEL = "-Onone";
			};
			name = Debug;
		};
		2EDFDAD4257EFD7100B1C8E5 /* Release */ = {
			isa = XCBuildConfiguration;
			buildSettings = {
				ALWAYS_SEARCH_USER_PATHS = NO;
				CLANG_ANALYZER_NONNULL = YES;
				CLANG_ANALYZER_NUMBER_OBJECT_CONVERSION = YES_AGGRESSIVE;
				CLANG_CXX_LANGUAGE_STANDARD = "gnu++14";
				CLANG_CXX_LIBRARY = "libc++";
				CLANG_ENABLE_MODULES = YES;
				CLANG_ENABLE_OBJC_ARC = YES;
				CLANG_ENABLE_OBJC_WEAK = YES;
				CLANG_WARN_BLOCK_CAPTURE_AUTORELEASING = YES;
				CLANG_WARN_BOOL_CONVERSION = YES;
				CLANG_WARN_COMMA = YES;
				CLANG_WARN_CONSTANT_CONVERSION = YES;
				CLANG_WARN_DEPRECATED_OBJC_IMPLEMENTATIONS = YES;
				CLANG_WARN_DIRECT_OBJC_ISA_USAGE = YES_ERROR;
				CLANG_WARN_DOCUMENTATION_COMMENTS = YES;
				CLANG_WARN_EMPTY_BODY = YES;
				CLANG_WARN_ENUM_CONVERSION = YES;
				CLANG_WARN_INFINITE_RECURSION = YES;
				CLANG_WARN_INT_CONVERSION = YES;
				CLANG_WARN_NON_LITERAL_NULL_CONVERSION = YES;
				CLANG_WARN_OBJC_IMPLICIT_RETAIN_SELF = YES;
				CLANG_WARN_OBJC_LITERAL_CONVERSION = YES;
				CLANG_WARN_OBJC_ROOT_CLASS = YES_ERROR;
				CLANG_WARN_QUOTED_INCLUDE_IN_FRAMEWORK_HEADER = YES;
				CLANG_WARN_RANGE_LOOP_ANALYSIS = YES;
				CLANG_WARN_STRICT_PROTOTYPES = YES;
				CLANG_WARN_SUSPICIOUS_MOVE = YES;
				CLANG_WARN_UNGUARDED_AVAILABILITY = YES_AGGRESSIVE;
				CLANG_WARN_UNREACHABLE_CODE = YES;
				CLANG_WARN__DUPLICATE_METHOD_MATCH = YES;
				COPY_PHASE_STRIP = NO;
				DEBUG_INFORMATION_FORMAT = "dwarf-with-dsym";
				ENABLE_NS_ASSERTIONS = NO;
				ENABLE_STRICT_OBJC_MSGSEND = YES;
				GCC_C_LANGUAGE_STANDARD = gnu11;
				GCC_NO_COMMON_BLOCKS = YES;
				GCC_WARN_64_TO_32_BIT_CONVERSION = YES;
				GCC_WARN_ABOUT_RETURN_TYPE = YES_ERROR;
				GCC_WARN_UNDECLARED_SELECTOR = YES;
				GCC_WARN_UNINITIALIZED_AUTOS = YES_AGGRESSIVE;
				GCC_WARN_UNUSED_FUNCTION = YES;
				GCC_WARN_UNUSED_VARIABLE = YES;
				IPHONEOS_DEPLOYMENT_TARGET = 14.2;
				MTL_ENABLE_DEBUG_INFO = NO;
				MTL_FAST_MATH = YES;
				SDKROOT = iphoneos;
				SWIFT_COMPILATION_MODE = wholemodule;
				SWIFT_OPTIMIZATION_LEVEL = "-O";
				VALIDATE_PRODUCT = YES;
			};
			name = Release;
		};
		2EDFDAD6257EFD7100B1C8E5 /* Debug */ = {
			isa = XCBuildConfiguration;
			buildSettings = {
				ASSETCATALOG_COMPILER_APPICON_NAME = AppIcon;
				ASSETCATALOG_COMPILER_GLOBAL_ACCENT_COLOR_NAME = AccentColor;
				CODE_SIGN_STYLE = Automatic;
				DEVELOPMENT_TEAM = 4Z4VA7DBL6;
				INFOPLIST_FILE = phonetest5/Info.plist;
				LD_RUNPATH_SEARCH_PATHS = (
					"$(inherited)",
					"@executable_path/Frameworks",
				);
				PRODUCT_BUNDLE_IDENTIFIER = jhbbhjlhbh.phonetest5;
				PRODUCT_NAME = "$(TARGET_NAME)";
				SWIFT_VERSION = 5.0;
				TARGETED_DEVICE_FAMILY = "1,2";
			};
			name = Debug;
		};
		2EDFDAD7257EFD7100B1C8E5 /* Release */ = {
			isa = XCBuildConfiguration;
			buildSettings = {
				ASSETCATALOG_COMPILER_APPICON_NAME = AppIcon;
				ASSETCATALOG_COMPILER_GLOBAL_ACCENT_COLOR_NAME = AccentColor;
				CODE_SIGN_STYLE = Automatic;
				DEVELOPMENT_TEAM = 4Z4VA7DBL6;
				INFOPLIST_FILE = phonetest5/Info.plist;
				LD_RUNPATH_SEARCH_PATHS = (
					"$(inherited)",
					"@executable_path/Frameworks",
				);
				PRODUCT_BUNDLE_IDENTIFIER = jhbbhjlhbh.phonetest5;
				PRODUCT_NAME = "$(TARGET_NAME)";
				SWIFT_VERSION = 5.0;
				TARGETED_DEVICE_FAMILY = "1,2";
			};
			name = Release;
		};
/* End XCBuildConfiguration section */

/* Begin XCConfigurationList section */
		2EDFDABF257EFD1E00B1C8E5 /* Build configuration list for PBXProject "phonetest5" */ = {
			isa = XCConfigurationList;
			buildConfigurations = (
				2EDFDAD3257EFD7100B1C8E5 /* Debug */,
				2EDFDAD4257EFD7100B1C8E5 /* Release */,
			);
			defaultConfigurationIsVisible = 0;
			defaultConfigurationName = Release;
		};
		2EDFDAD5257EFD7100B1C8E5 /* Build configuration list for PBXNativeTarget "phonetest5" */ = {
			isa = XCConfigurationList;
			buildConfigurations = (
				2EDFDAD6257EFD7100B1C8E5 /* Debug */,
				2EDFDAD7257EFD7100B1C8E5 /* Release */,
			);
			defaultConfigurationIsVisible = 0;
			defaultConfigurationName = Release;
		};
/* End XCConfigurationList section */
	};
	rootObject = 2EDFDABC257EFD1E00B1C8E5 /* Project object */;
}
